{
  "name": "@labor-digital/docker-base-image",
  "version": "1.0.0",
  "lockfileVersion": 2,
  "requires": true,
  "packages": {
    "": {
      "name": "@labor-digital/docker-base-image",
      "version": "1.0.0",
      "license": "Apache-2.0",
      "dependencies": {
        "@labor-digital/ssl-certs": "^1.1.2",
        "ncp": "^2.0.0"
      }
    },
    "node_modules/@labor-digital/ssl-certs": {
      "version": "1.1.2",
      "resolved": "https://registry.npmjs.org/@labor-digital/ssl-certs/-/ssl-certs-1.1.2.tgz",
      "integrity": "sha512-L1ZpfQr1joACCoU1SLDiCvS13iZyYbfFz7qcW/JRIQIH/GKwO9uNtJ7sRC1kyd+cG9uwKv5VOygKRqej1GpE3Q=="
    },
    "node_modules/ncp": {
      "version": "2.0.0",
      "resolved": "https://registry.npmjs.org/ncp/-/ncp-2.0.0.tgz",
      "integrity": "sha1-GVoh1sRuNh0vsSgbo4uR6d9727M=",
      "bin": {
        "ncp": "bin/ncp"
      }
    }
  },
  "dependencies": {
    "@labor-digital/ssl-certs": {
      "version": "1.1.2",
      "resolved": "https://registry.npmjs.org/@labor-digital/ssl-certs/-/ssl-certs-1.1.2.tgz",
      "integrity": "sha512-L1ZpfQr1joACCoU1SLDiCvS13iZyYbfFz7qcW/JRIQIH/GKwO9uNtJ7sRC1kyd+cG9uwKv5VOygKRqej1GpE3Q=="
    },
    "ncp": {
      "version": "2.0.0",
      "resolved": "https://registry.npmjs.org/ncp/-/ncp-2.0.0.tgz",
      "integrity": "sha1-GVoh1sRuNh0vsSgbo4uR6d9727M="
    }
  }
}
